// !$*UTF8*$!
{
	archiveVersion = 1;
	classes = {
	};
	objectVersion = 56;
	objects = {

/* Begin PBXBuildFile section */
		523F2A872B08DE82001D9DA6 /* EmptyView.xib in Resources */ = {isa = PBXBuildFile; fileRef = 523F2A862B08DE82001D9DA6 /* EmptyView.xib */; };
		5247CDD52B08F8F400368FB0 /* DeunaSDK in Frameworks */ = {isa = PBXBuildFile; productRef = 5247CDD42B08F8F400368FB0 /* DeunaSDK */; };
		52A7B9722B0866EE00EE7F43 /* DeunaSDK in Frameworks */ = {isa = PBXBuildFile; productRef = 52A7B9712B0866EE00EE7F43 /* DeunaSDK */; };
		52AAE9B62B088CE30013B150 /* CartView.swift in Sources */ = {isa = PBXBuildFile; fileRef = 52AAE9B52B088CE30013B150 /* CartView.swift */; };
		52AAE9B82B088D440013B150 /* OptionsView.swift in Sources */ = {isa = PBXBuildFile; fileRef = 52AAE9B72B088D440013B150 /* OptionsView.swift */; };
		52AAE9BA2B088F6A0013B150 /* Views.swift in Sources */ = {isa = PBXBuildFile; fileRef = 52AAE9B92B088F6A0013B150 /* Views.swift */; };
		52AAE9BC2B088FE00013B150 /* Utilities.swift in Sources */ = {isa = PBXBuildFile; fileRef = 52AAE9BB2B088FE00013B150 /* Utilities.swift */; };
		52AAE9C22B08D5100013B150 /* DeunaSDK in Frameworks */ = {isa = PBXBuildFile; productRef = 52AAE9C12B08D5100013B150 /* DeunaSDK */; };
		6E1FD13F2AE836B700A79BD9 /* basic_integrationApp.swift in Sources */ = {isa = PBXBuildFile; fileRef = 6E1FD13E2AE836B700A79BD9 /* basic_integrationApp.swift */; };
		6E1FD1412AE836B700A79BD9 /* ContentView.swift in Sources */ = {isa = PBXBuildFile; fileRef = 6E1FD1402AE836B700A79BD9 /* ContentView.swift */; };
		6E1FD1432AE836B900A79BD9 /* Assets.xcassets in Resources */ = {isa = PBXBuildFile; fileRef = 6E1FD1422AE836B900A79BD9 /* Assets.xcassets */; };
		6E1FD1462AE836B900A79BD9 /* Preview Assets.xcassets in Resources */ = {isa = PBXBuildFile; fileRef = 6E1FD1452AE836B900A79BD9 /* Preview Assets.xcassets */; };
		6E1FD1502AE836B900A79BD9 /* basic_integrationTests.swift in Sources */ = {isa = PBXBuildFile; fileRef = 6E1FD14F2AE836B900A79BD9 /* basic_integrationTests.swift */; };
		6E1FD15A2AE836B900A79BD9 /* basic_integrationUITests.swift in Sources */ = {isa = PBXBuildFile; fileRef = 6E1FD1592AE836B900A79BD9 /* basic_integrationUITests.swift */; };
		6E1FD15C2AE836B900A79BD9 /* basic_integrationUITestsLaunchTests.swift in Sources */ = {isa = PBXBuildFile; fileRef = 6E1FD15B2AE836B900A79BD9 /* basic_integrationUITestsLaunchTests.swift */; };
		6E1FD16F2AE9916D00A79BD9 /* README.md in Resources */ = {isa = PBXBuildFile; fileRef = 6E1FD16E2AE9916D00A79BD9 /* README.md */; };
		6E1FD1722AE992F500A79BD9 /* DeunaSDK in Frameworks */ = {isa = PBXBuildFile; productRef = 6E1FD1712AE992F500A79BD9 /* DeunaSDK */; };
/* End PBXBuildFile section */

/* Begin PBXContainerItemProxy section */
		6E1FD14C2AE836B900A79BD9 /* PBXContainerItemProxy */ = {
			isa = PBXContainerItemProxy;
			containerPortal = 6E1FD1332AE836B700A79BD9 /* Project object */;
			proxyType = 1;
			remoteGlobalIDString = 6E1FD13A2AE836B700A79BD9;
			remoteInfo = "basic-integration";
		};
		6E1FD1562AE836B900A79BD9 /* PBXContainerItemProxy */ = {
			isa = PBXContainerItemProxy;
			containerPortal = 6E1FD1332AE836B700A79BD9 /* Project object */;
			proxyType = 1;
			remoteGlobalIDString = 6E1FD13A2AE836B700A79BD9;
			remoteInfo = "basic-integration";
		};
/* End PBXContainerItemProxy section */

/* Begin PBXFileReference section */
		523F2A862B08DE82001D9DA6 /* EmptyView.xib */ = {isa = PBXFileReference; lastKnownFileType = file.xib; path = EmptyView.xib; sourceTree = "<group>"; };
		52AAE9B52B088CE30013B150 /* CartView.swift */ = {isa = PBXFileReference; lastKnownFileType = sourcecode.swift; path = CartView.swift; sourceTree = "<group>"; };
		52AAE9B72B088D440013B150 /* OptionsView.swift */ = {isa = PBXFileReference; lastKnownFileType = sourcecode.swift; path = OptionsView.swift; sourceTree = "<group>"; };
		52AAE9B92B088F6A0013B150 /* Views.swift */ = {isa = PBXFileReference; lastKnownFileType = sourcecode.swift; path = Views.swift; sourceTree = "<group>"; };
		52AAE9BB2B088FE00013B150 /* Utilities.swift */ = {isa = PBXFileReference; lastKnownFileType = sourcecode.swift; path = Utilities.swift; sourceTree = "<group>"; };
		6E1FD13B2AE836B700A79BD9 /* basic-integration.app */ = {isa = PBXFileReference; explicitFileType = wrapper.application; includeInIndex = 0; path = "basic-integration.app"; sourceTree = BUILT_PRODUCTS_DIR; };
		6E1FD13E2AE836B700A79BD9 /* basic_integrationApp.swift */ = {isa = PBXFileReference; lastKnownFileType = sourcecode.swift; path = basic_integrationApp.swift; sourceTree = "<group>"; };
		6E1FD1402AE836B700A79BD9 /* ContentView.swift */ = {isa = PBXFileReference; lastKnownFileType = sourcecode.swift; path = ContentView.swift; sourceTree = "<group>"; };
		6E1FD1422AE836B900A79BD9 /* Assets.xcassets */ = {isa = PBXFileReference; lastKnownFileType = folder.assetcatalog; path = Assets.xcassets; sourceTree = "<group>"; };
		6E1FD1452AE836B900A79BD9 /* Preview Assets.xcassets */ = {isa = PBXFileReference; lastKnownFileType = folder.assetcatalog; path = "Preview Assets.xcassets"; sourceTree = "<group>"; };
		6E1FD14B2AE836B900A79BD9 /* basic-integrationTests.xctest */ = {isa = PBXFileReference; explicitFileType = wrapper.cfbundle; includeInIndex = 0; path = "basic-integrationTests.xctest"; sourceTree = BUILT_PRODUCTS_DIR; };
		6E1FD14F2AE836B900A79BD9 /* basic_integrationTests.swift */ = {isa = PBXFileReference; lastKnownFileType = sourcecode.swift; path = basic_integrationTests.swift; sourceTree = "<group>"; };
		6E1FD1552AE836B900A79BD9 /* basic-integrationUITests.xctest */ = {isa = PBXFileReference; explicitFileType = wrapper.cfbundle; includeInIndex = 0; path = "basic-integrationUITests.xctest"; sourceTree = BUILT_PRODUCTS_DIR; };
		6E1FD1592AE836B900A79BD9 /* basic_integrationUITests.swift */ = {isa = PBXFileReference; lastKnownFileType = sourcecode.swift; path = basic_integrationUITests.swift; sourceTree = "<group>"; };
		6E1FD15B2AE836B900A79BD9 /* basic_integrationUITestsLaunchTests.swift */ = {isa = PBXFileReference; lastKnownFileType = sourcecode.swift; path = basic_integrationUITestsLaunchTests.swift; sourceTree = "<group>"; };
		6E1FD16E2AE9916D00A79BD9 /* README.md */ = {isa = PBXFileReference; fileEncoding = 4; lastKnownFileType = net.daringfireball.markdown; path = README.md; sourceTree = "<group>"; };
/* End PBXFileReference section */

/* Begin PBXFrameworksBuildPhase section */
		6E1FD1382AE836B700A79BD9 /* Frameworks */ = {
			isa = PBXFrameworksBuildPhase;
			buildActionMask = 2147483647;
			files = (
				52AAE9C22B08D5100013B150 /* DeunaSDK in Frameworks */,
				6E1FD1722AE992F500A79BD9 /* DeunaSDK in Frameworks */,
				52A7B9722B0866EE00EE7F43 /* DeunaSDK in Frameworks */,
				5247CDD52B08F8F400368FB0 /* DeunaSDK in Frameworks */,
			);
			runOnlyForDeploymentPostprocessing = 0;
		};
		6E1FD1482AE836B900A79BD9 /* Frameworks */ = {
			isa = PBXFrameworksBuildPhase;
			buildActionMask = 2147483647;
			files = (
			);
			runOnlyForDeploymentPostprocessing = 0;
		};
		6E1FD1522AE836B900A79BD9 /* Frameworks */ = {
			isa = PBXFrameworksBuildPhase;
			buildActionMask = 2147483647;
			files = (
			);
			runOnlyForDeploymentPostprocessing = 0;
		};
/* End PBXFrameworksBuildPhase section */

/* Begin PBXGroup section */
		52AAE9BD2B08907D0013B150 /* Views */ = {
			isa = PBXGroup;
			children = (
				52AAE9B52B088CE30013B150 /* CartView.swift */,
				52AAE9B72B088D440013B150 /* OptionsView.swift */,
				52AAE9B92B088F6A0013B150 /* Views.swift */,
			);
			path = Views;
			sourceTree = "<group>";
		};
		52AAE9BE2B0890D10013B150 /* Utilities */ = {
			isa = PBXGroup;
			children = (
				52AAE9BB2B088FE00013B150 /* Utilities.swift */,
			);
			path = Utilities;
			sourceTree = "<group>";
		};
		6E1FD1322AE836B700A79BD9 = {
			isa = PBXGroup;
			children = (
				6E1FD16E2AE9916D00A79BD9 /* README.md */,
				6E1FD13D2AE836B700A79BD9 /* basic-integration */,
				6E1FD14E2AE836B900A79BD9 /* basic-integrationTests */,
				6E1FD1582AE836B900A79BD9 /* basic-integrationUITests */,
				6E1FD13C2AE836B700A79BD9 /* Products */,
			);
			sourceTree = "<group>";
		};
		6E1FD13C2AE836B700A79BD9 /* Products */ = {
			isa = PBXGroup;
			children = (
				6E1FD13B2AE836B700A79BD9 /* basic-integration.app */,
				6E1FD14B2AE836B900A79BD9 /* basic-integrationTests.xctest */,
				6E1FD1552AE836B900A79BD9 /* basic-integrationUITests.xctest */,
			);
			name = Products;
			sourceTree = "<group>";
		};
		6E1FD13D2AE836B700A79BD9 /* basic-integration */ = {
			isa = PBXGroup;
			children = (
				52AAE9BE2B0890D10013B150 /* Utilities */,
				52AAE9BD2B08907D0013B150 /* Views */,
				6E1FD1402AE836B700A79BD9 /* ContentView.swift */,
				6E1FD13E2AE836B700A79BD9 /* basic_integrationApp.swift */,
				6E1FD1422AE836B900A79BD9 /* Assets.xcassets */,
				6E1FD1442AE836B900A79BD9 /* Preview Content */,
				523F2A862B08DE82001D9DA6 /* EmptyView.xib */,
			);
			path = "basic-integration";
			sourceTree = "<group>";
		};
		6E1FD1442AE836B900A79BD9 /* Preview Content */ = {
			isa = PBXGroup;
			children = (
				6E1FD1452AE836B900A79BD9 /* Preview Assets.xcassets */,
			);
			path = "Preview Content";
			sourceTree = "<group>";
		};
		6E1FD14E2AE836B900A79BD9 /* basic-integrationTests */ = {
			isa = PBXGroup;
			children = (
				6E1FD14F2AE836B900A79BD9 /* basic_integrationTests.swift */,
			);
			path = "basic-integrationTests";
			sourceTree = "<group>";
		};
		6E1FD1582AE836B900A79BD9 /* basic-integrationUITests */ = {
			isa = PBXGroup;
			children = (
				6E1FD1592AE836B900A79BD9 /* basic_integrationUITests.swift */,
				6E1FD15B2AE836B900A79BD9 /* basic_integrationUITestsLaunchTests.swift */,
			);
			path = "basic-integrationUITests";
			sourceTree = "<group>";
		};
/* End PBXGroup section */

/* Begin PBXNativeTarget section */
		6E1FD13A2AE836B700A79BD9 /* basic-integration */ = {
			isa = PBXNativeTarget;
			buildConfigurationList = 6E1FD15F2AE836B900A79BD9 /* Build configuration list for PBXNativeTarget "basic-integration" */;
			buildPhases = (
				6E1FD1372AE836B700A79BD9 /* Sources */,
				6E1FD1382AE836B700A79BD9 /* Frameworks */,
				6E1FD1392AE836B700A79BD9 /* Resources */,
			);
			buildRules = (
			);
			dependencies = (
			);
			name = "basic-integration";
			packageProductDependencies = (
				6E1FD1712AE992F500A79BD9 /* DeunaSDK */,
				52A7B9712B0866EE00EE7F43 /* DeunaSDK */,
				52AAE9C12B08D5100013B150 /* DeunaSDK */,
				5247CDD42B08F8F400368FB0 /* DeunaSDK */,
			);
			productName = "basic-integration";
			productReference = 6E1FD13B2AE836B700A79BD9 /* basic-integration.app */;
			productType = "com.apple.product-type.application";
		};
		6E1FD14A2AE836B900A79BD9 /* basic-integrationTests */ = {
			isa = PBXNativeTarget;
			buildConfigurationList = 6E1FD1622AE836B900A79BD9 /* Build configuration list for PBXNativeTarget "basic-integrationTests" */;
			buildPhases = (
				6E1FD1472AE836B900A79BD9 /* Sources */,
				6E1FD1482AE836B900A79BD9 /* Frameworks */,
				6E1FD1492AE836B900A79BD9 /* Resources */,
			);
			buildRules = (
			);
			dependencies = (
				6E1FD14D2AE836B900A79BD9 /* PBXTargetDependency */,
			);
			name = "basic-integrationTests";
			productName = "basic-integrationTests";
			productReference = 6E1FD14B2AE836B900A79BD9 /* basic-integrationTests.xctest */;
			productType = "com.apple.product-type.bundle.unit-test";
		};
		6E1FD1542AE836B900A79BD9 /* basic-integrationUITests */ = {
			isa = PBXNativeTarget;
			buildConfigurationList = 6E1FD1652AE836B900A79BD9 /* Build configuration list for PBXNativeTarget "basic-integrationUITests" */;
			buildPhases = (
				6E1FD1512AE836B900A79BD9 /* Sources */,
				6E1FD1522AE836B900A79BD9 /* Frameworks */,
				6E1FD1532AE836B900A79BD9 /* Resources */,
			);
			buildRules = (
			);
			dependencies = (
				6E1FD1572AE836B900A79BD9 /* PBXTargetDependency */,
			);
			name = "basic-integrationUITests";
			productName = "basic-integrationUITests";
			productReference = 6E1FD1552AE836B900A79BD9 /* basic-integrationUITests.xctest */;
			productType = "com.apple.product-type.bundle.ui-testing";
		};
/* End PBXNativeTarget section */

/* Begin PBXProject section */
		6E1FD1332AE836B700A79BD9 /* Project object */ = {
			isa = PBXProject;
			attributes = {
				BuildIndependentTargetsInParallel = 1;
				LastSwiftUpdateCheck = 1500;
				LastUpgradeCheck = 1500;
				TargetAttributes = {
					6E1FD13A2AE836B700A79BD9 = {
						CreatedOnToolsVersion = 15.0.1;
					};
					6E1FD14A2AE836B900A79BD9 = {
						CreatedOnToolsVersion = 15.0.1;
						TestTargetID = 6E1FD13A2AE836B700A79BD9;
					};
					6E1FD1542AE836B900A79BD9 = {
						CreatedOnToolsVersion = 15.0.1;
						TestTargetID = 6E1FD13A2AE836B700A79BD9;
					};
				};
			};
			buildConfigurationList = 6E1FD1362AE836B700A79BD9 /* Build configuration list for PBXProject "basic-integration" */;
			compatibilityVersion = "Xcode 14.0";
			developmentRegion = en;
			hasScannedForEncodings = 0;
			knownRegions = (
				en,
				Base,
			);
			mainGroup = 6E1FD1322AE836B700A79BD9;
			packageReferences = (
				5247CDD32B08F8F400368FB0 /* XCRemoteSwiftPackageReference "deuna-sdk-ios" */,
			);
			productRefGroup = 6E1FD13C2AE836B700A79BD9 /* Products */;
			projectDirPath = "";
			projectRoot = "";
			targets = (
				6E1FD13A2AE836B700A79BD9 /* basic-integration */,
				6E1FD14A2AE836B900A79BD9 /* basic-integrationTests */,
				6E1FD1542AE836B900A79BD9 /* basic-integrationUITests */,
			);
		};
/* End PBXProject section */

/* Begin PBXResourcesBuildPhase section */
		6E1FD1392AE836B700A79BD9 /* Resources */ = {
			isa = PBXResourcesBuildPhase;
			buildActionMask = 2147483647;
			files = (
				523F2A872B08DE82001D9DA6 /* EmptyView.xib in Resources */,
				6E1FD16F2AE9916D00A79BD9 /* README.md in Resources */,
				6E1FD1462AE836B900A79BD9 /* Preview Assets.xcassets in Resources */,
				6E1FD1432AE836B900A79BD9 /* Assets.xcassets in Resources */,
			);
			runOnlyForDeploymentPostprocessing = 0;
		};
		6E1FD1492AE836B900A79BD9 /* Resources */ = {
			isa = PBXResourcesBuildPhase;
			buildActionMask = 2147483647;
			files = (
			);
			runOnlyForDeploymentPostprocessing = 0;
		};
		6E1FD1532AE836B900A79BD9 /* Resources */ = {
			isa = PBXResourcesBuildPhase;
			buildActionMask = 2147483647;
			files = (
			);
			runOnlyForDeploymentPostprocessing = 0;
		};
/* End PBXResourcesBuildPhase section */

/* Begin PBXSourcesBuildPhase section */
		6E1FD1372AE836B700A79BD9 /* Sources */ = {
			isa = PBXSourcesBuildPhase;
			buildActionMask = 2147483647;
			files = (
				52AAE9BC2B088FE00013B150 /* Utilities.swift in Sources */,
				52AAE9B62B088CE30013B150 /* CartView.swift in Sources */,
				6E1FD1412AE836B700A79BD9 /* ContentView.swift in Sources */,
				6E1FD13F2AE836B700A79BD9 /* basic_integrationApp.swift in Sources */,
				52AAE9BA2B088F6A0013B150 /* Views.swift in Sources */,
				52AAE9B82B088D440013B150 /* OptionsView.swift in Sources */,
			);
			runOnlyForDeploymentPostprocessing = 0;
		};
		6E1FD1472AE836B900A79BD9 /* Sources */ = {
			isa = PBXSourcesBuildPhase;
			buildActionMask = 2147483647;
			files = (
				6E1FD1502AE836B900A79BD9 /* basic_integrationTests.swift in Sources */,
			);
			runOnlyForDeploymentPostprocessing = 0;
		};
		6E1FD1512AE836B900A79BD9 /* Sources */ = {
			isa = PBXSourcesBuildPhase;
			buildActionMask = 2147483647;
			files = (
				6E1FD15C2AE836B900A79BD9 /* basic_integrationUITestsLaunchTests.swift in Sources */,
				6E1FD15A2AE836B900A79BD9 /* basic_integrationUITests.swift in Sources */,
			);
			runOnlyForDeploymentPostprocessing = 0;
		};
/* End PBXSourcesBuildPhase section */

/* Begin PBXTargetDependency section */
		6E1FD14D2AE836B900A79BD9 /* PBXTargetDependency */ = {
			isa = PBXTargetDependency;
			target = 6E1FD13A2AE836B700A79BD9 /* basic-integration */;
			targetProxy = 6E1FD14C2AE836B900A79BD9 /* PBXContainerItemProxy */;
		};
		6E1FD1572AE836B900A79BD9 /* PBXTargetDependency */ = {
			isa = PBXTargetDependency;
			target = 6E1FD13A2AE836B700A79BD9 /* basic-integration */;
			targetProxy = 6E1FD1562AE836B900A79BD9 /* PBXContainerItemProxy */;
		};
/* End PBXTargetDependency section */

/* Begin XCBuildConfiguration section */
		6E1FD15D2AE836B900A79BD9 /* Debug */ = {
			isa = XCBuildConfiguration;
			buildSettings = {
				ALWAYS_SEARCH_USER_PATHS = NO;
				ASSETCATALOG_COMPILER_GENERATE_SWIFT_ASSET_SYMBOL_EXTENSIONS = YES;
				CLANG_ANALYZER_NONNULL = YES;
				CLANG_ANALYZER_NUMBER_OBJECT_CONVERSION = YES_AGGRESSIVE;
				CLANG_CXX_LANGUAGE_STANDARD = "gnu++20";
				CLANG_ENABLE_MODULES = YES;
				CLANG_ENABLE_OBJC_ARC = YES;
				CLANG_ENABLE_OBJC_WEAK = YES;
				CLANG_WARN_BLOCK_CAPTURE_AUTORELEASING = YES;
				CLANG_WARN_BOOL_CONVERSION = YES;
				CLANG_WARN_COMMA = YES;
				CLANG_WARN_CONSTANT_CONVERSION = YES;
				CLANG_WARN_DEPRECATED_OBJC_IMPLEMENTATIONS = YES;
				CLANG_WARN_DIRECT_OBJC_ISA_USAGE = YES_ERROR;
				CLANG_WARN_DOCUMENTATION_COMMENTS = YES;
				CLANG_WARN_EMPTY_BODY = YES;
				CLANG_WARN_ENUM_CONVERSION = YES;
				CLANG_WARN_INFINITE_RECURSION = YES;
				CLANG_WARN_INT_CONVERSION = YES;
				CLANG_WARN_NON_LITERAL_NULL_CONVERSION = YES;
				CLANG_WARN_OBJC_IMPLICIT_RETAIN_SELF = YES;
				CLANG_WARN_OBJC_LITERAL_CONVERSION = YES;
				CLANG_WARN_OBJC_ROOT_CLASS = YES_ERROR;
				CLANG_WARN_QUOTED_INCLUDE_IN_FRAMEWORK_HEADER = YES;
				CLANG_WARN_RANGE_LOOP_ANALYSIS = YES;
				CLANG_WARN_STRICT_PROTOTYPES = YES;
				CLANG_WARN_SUSPICIOUS_MOVE = YES;
				CLANG_WARN_UNGUARDED_AVAILABILITY = YES_AGGRESSIVE;
				CLANG_WARN_UNREACHABLE_CODE = YES;
				CLANG_WARN__DUPLICATE_METHOD_MATCH = YES;
				COPY_PHASE_STRIP = NO;
				DEBUG_INFORMATION_FORMAT = dwarf;
				ENABLE_STRICT_OBJC_MSGSEND = YES;
				ENABLE_TESTABILITY = YES;
				ENABLE_USER_SCRIPT_SANDBOXING = YES;
				GCC_C_LANGUAGE_STANDARD = gnu17;
				GCC_DYNAMIC_NO_PIC = NO;
				GCC_NO_COMMON_BLOCKS = YES;
				GCC_OPTIMIZATION_LEVEL = 0;
				GCC_PREPROCESSOR_DEFINITIONS = (
					"DEBUG=1",
					"$(inherited)",
				);
				GCC_WARN_64_TO_32_BIT_CONVERSION = YES;
				GCC_WARN_ABOUT_RETURN_TYPE = YES_ERROR;
				GCC_WARN_UNDECLARED_SELECTOR = YES;
				GCC_WARN_UNINITIALIZED_AUTOS = YES_AGGRESSIVE;
				GCC_WARN_UNUSED_FUNCTION = YES;
				GCC_WARN_UNUSED_VARIABLE = YES;
				IPHONEOS_DEPLOYMENT_TARGET = 17.0;
				LOCALIZATION_PREFERS_STRING_CATALOGS = YES;
				MTL_ENABLE_DEBUG_INFO = INCLUDE_SOURCE;
				MTL_FAST_MATH = YES;
				ONLY_ACTIVE_ARCH = YES;
				SDKROOT = iphoneos;
				SWIFT_ACTIVE_COMPILATION_CONDITIONS = "DEBUG $(inherited)";
				SWIFT_OPTIMIZATION_LEVEL = "-Onone";
			};
			name = Debug;
		};
		6E1FD15E2AE836B900A79BD9 /* Release */ = {
			isa = XCBuildConfiguration;
			buildSettings = {
				ALWAYS_SEARCH_USER_PATHS = NO;
				ASSETCATALOG_COMPILER_GENERATE_SWIFT_ASSET_SYMBOL_EXTENSIONS = YES;
				CLANG_ANALYZER_NONNULL = YES;
				CLANG_ANALYZER_NUMBER_OBJECT_CONVERSION = YES_AGGRESSIVE;
				CLANG_CXX_LANGUAGE_STANDARD = "gnu++20";
				CLANG_ENABLE_MODULES = YES;
				CLANG_ENABLE_OBJC_ARC = YES;
				CLANG_ENABLE_OBJC_WEAK = YES;
				CLANG_WARN_BLOCK_CAPTURE_AUTORELEASING = YES;
				CLANG_WARN_BOOL_CONVERSION = YES;
				CLANG_WARN_COMMA = YES;
				CLANG_WARN_CONSTANT_CONVERSION = YES;
				CLANG_WARN_DEPRECATED_OBJC_IMPLEMENTATIONS = YES;
				CLANG_WARN_DIRECT_OBJC_ISA_USAGE = YES_ERROR;
				CLANG_WARN_DOCUMENTATION_COMMENTS = YES;
				CLANG_WARN_EMPTY_BODY = YES;
				CLANG_WARN_ENUM_CONVERSION = YES;
				CLANG_WARN_INFINITE_RECURSION = YES;
				CLANG_WARN_INT_CONVERSION = YES;
				CLANG_WARN_NON_LITERAL_NULL_CONVERSION = YES;
				CLANG_WARN_OBJC_IMPLICIT_RETAIN_SELF = YES;
				CLANG_WARN_OBJC_LITERAL_CONVERSION = YES;
				CLANG_WARN_OBJC_ROOT_CLASS = YES_ERROR;
				CLANG_WARN_QUOTED_INCLUDE_IN_FRAMEWORK_HEADER = YES;
				CLANG_WARN_RANGE_LOOP_ANALYSIS = YES;
				CLANG_WARN_STRICT_PROTOTYPES = YES;
				CLANG_WARN_SUSPICIOUS_MOVE = YES;
				CLANG_WARN_UNGUARDED_AVAILABILITY = YES_AGGRESSIVE;
				CLANG_WARN_UNREACHABLE_CODE = YES;
				CLANG_WARN__DUPLICATE_METHOD_MATCH = YES;
				COPY_PHASE_STRIP = NO;
				DEBUG_INFORMATION_FORMAT = "dwarf-with-dsym";
				ENABLE_NS_ASSERTIONS = NO;
				ENABLE_STRICT_OBJC_MSGSEND = YES;
				ENABLE_USER_SCRIPT_SANDBOXING = YES;
				GCC_C_LANGUAGE_STANDARD = gnu17;
				GCC_NO_COMMON_BLOCKS = YES;
				GCC_WARN_64_TO_32_BIT_CONVERSION = YES;
				GCC_WARN_ABOUT_RETURN_TYPE = YES_ERROR;
				GCC_WARN_UNDECLARED_SELECTOR = YES;
				GCC_WARN_UNINITIALIZED_AUTOS = YES_AGGRESSIVE;
				GCC_WARN_UNUSED_FUNCTION = YES;
				GCC_WARN_UNUSED_VARIABLE = YES;
				IPHONEOS_DEPLOYMENT_TARGET = 17.0;
				LOCALIZATION_PREFERS_STRING_CATALOGS = YES;
				MTL_ENABLE_DEBUG_INFO = NO;
				MTL_FAST_MATH = YES;
				SDKROOT = iphoneos;
				SWIFT_COMPILATION_MODE = wholemodule;
				VALIDATE_PRODUCT = YES;
			};
			name = Release;
		};
		6E1FD1602AE836B900A79BD9 /* Debug */ = {
			isa = XCBuildConfiguration;
			buildSettings = {
				ASSETCATALOG_COMPILER_APPICON_NAME = AppIcon;
				ASSETCATALOG_COMPILER_GLOBAL_ACCENT_COLOR_NAME = AccentColor;
				CODE_SIGN_STYLE = Automatic;
				CURRENT_PROJECT_VERSION = 1;
				DEVELOPMENT_ASSET_PATHS = "\"basic-integration/Preview Content\"";
				ENABLE_PREVIEWS = YES;
				GENERATE_INFOPLIST_FILE = YES;
				INFOPLIST_KEY_UIApplicationSceneManifest_Generation = YES;
				INFOPLIST_KEY_UIApplicationSupportsIndirectInputEvents = YES;
				INFOPLIST_KEY_UILaunchScreen_Generation = YES;
				INFOPLIST_KEY_UISupportedInterfaceOrientations_iPad = "UIInterfaceOrientationPortrait UIInterfaceOrientationPortraitUpsideDown UIInterfaceOrientationLandscapeLeft UIInterfaceOrientationLandscapeRight";
				INFOPLIST_KEY_UISupportedInterfaceOrientations_iPhone = "UIInterfaceOrientationPortrait UIInterfaceOrientationLandscapeLeft UIInterfaceOrientationLandscapeRight";
				LD_RUNPATH_SEARCH_PATHS = (
					"$(inherited)",
					"@executable_path/Frameworks",
				);
				MARKETING_VERSION = 1.0;
				PRODUCT_BUNDLE_IDENTIFIER = "com.deuna.basic-integration";
				PRODUCT_NAME = "$(TARGET_NAME)";
				SWIFT_EMIT_LOC_STRINGS = YES;
				SWIFT_VERSION = 5.0;
				TARGETED_DEVICE_FAMILY = "1,2";
			};
			name = Debug;
		};
		6E1FD1612AE836B900A79BD9 /* Release */ = {
			isa = XCBuildConfiguration;
			buildSettings = {
				ASSETCATALOG_COMPILER_APPICON_NAME = AppIcon;
				ASSETCATALOG_COMPILER_GLOBAL_ACCENT_COLOR_NAME = AccentColor;
				CODE_SIGN_STYLE = Automatic;
				CURRENT_PROJECT_VERSION = 1;
				DEVELOPMENT_ASSET_PATHS = "\"basic-integration/Preview Content\"";
				ENABLE_PREVIEWS = YES;
				GENERATE_INFOPLIST_FILE = YES;
				INFOPLIST_KEY_UIApplicationSceneManifest_Generation = YES;
				INFOPLIST_KEY_UIApplicationSupportsIndirectInputEvents = YES;
				INFOPLIST_KEY_UILaunchScreen_Generation = YES;
				INFOPLIST_KEY_UISupportedInterfaceOrientations_iPad = "UIInterfaceOrientationPortrait UIInterfaceOrientationPortraitUpsideDown UIInterfaceOrientationLandscapeLeft UIInterfaceOrientationLandscapeRight";
				INFOPLIST_KEY_UISupportedInterfaceOrientations_iPhone = "UIInterfaceOrientationPortrait UIInterfaceOrientationLandscapeLeft UIInterfaceOrientationLandscapeRight";
				LD_RUNPATH_SEARCH_PATHS = (
					"$(inherited)",
					"@executable_path/Frameworks",
				);
				MARKETING_VERSION = 1.0;
				PRODUCT_BUNDLE_IDENTIFIER = "com.deuna.basic-integration";
				PRODUCT_NAME = "$(TARGET_NAME)";
				SWIFT_EMIT_LOC_STRINGS = YES;
				SWIFT_VERSION = 5.0;
				TARGETED_DEVICE_FAMILY = "1,2";
			};
			name = Release;
		};
		6E1FD1632AE836B900A79BD9 /* Debug */ = {
			isa = XCBuildConfiguration;
			buildSettings = {
				ALWAYS_EMBED_SWIFT_STANDARD_LIBRARIES = YES;
				BUNDLE_LOADER = "$(TEST_HOST)";
				CODE_SIGN_STYLE = Automatic;
				CURRENT_PROJECT_VERSION = 1;
				GENERATE_INFOPLIST_FILE = YES;
				IPHONEOS_DEPLOYMENT_TARGET = 17.0;
				MARKETING_VERSION = 1.0;
				PRODUCT_BUNDLE_IDENTIFIER = "com.deuna.basic-integrationTests";
				PRODUCT_NAME = "$(TARGET_NAME)";
				SWIFT_EMIT_LOC_STRINGS = NO;
				SWIFT_VERSION = 5.0;
				TARGETED_DEVICE_FAMILY = "1,2";
				TEST_HOST = "$(BUILT_PRODUCTS_DIR)/basic-integration.app/$(BUNDLE_EXECUTABLE_FOLDER_PATH)/basic-integration";
			};
			name = Debug;
		};
		6E1FD1642AE836B900A79BD9 /* Release */ = {
			isa = XCBuildConfiguration;
			buildSettings = {
				ALWAYS_EMBED_SWIFT_STANDARD_LIBRARIES = YES;
				BUNDLE_LOADER = "$(TEST_HOST)";
				CODE_SIGN_STYLE = Automatic;
				CURRENT_PROJECT_VERSION = 1;
				GENERATE_INFOPLIST_FILE = YES;
				IPHONEOS_DEPLOYMENT_TARGET = 17.0;
				MARKETING_VERSION = 1.0;
				PRODUCT_BUNDLE_IDENTIFIER = "com.deuna.basic-integrationTests";
				PRODUCT_NAME = "$(TARGET_NAME)";
				SWIFT_EMIT_LOC_STRINGS = NO;
				SWIFT_VERSION = 5.0;
				TARGETED_DEVICE_FAMILY = "1,2";
				TEST_HOST = "$(BUILT_PRODUCTS_DIR)/basic-integration.app/$(BUNDLE_EXECUTABLE_FOLDER_PATH)/basic-integration";
			};
			name = Release;
		};
		6E1FD1662AE836B900A79BD9 /* Debug */ = {
			isa = XCBuildConfiguration;
			buildSettings = {
				ALWAYS_EMBED_SWIFT_STANDARD_LIBRARIES = YES;
				CODE_SIGN_STYLE = Automatic;
				CURRENT_PROJECT_VERSION = 1;
				GENERATE_INFOPLIST_FILE = YES;
				MARKETING_VERSION = 1.0;
				PRODUCT_BUNDLE_IDENTIFIER = "com.deuna.basic-integrationUITests";
				PRODUCT_NAME = "$(TARGET_NAME)";
				SWIFT_EMIT_LOC_STRINGS = NO;
				SWIFT_VERSION = 5.0;
				TARGETED_DEVICE_FAMILY = "1,2";
				TEST_TARGET_NAME = "basic-integration";
			};
			name = Debug;
		};
		6E1FD1672AE836B900A79BD9 /* Release */ = {
			isa = XCBuildConfiguration;
			buildSettings = {
				ALWAYS_EMBED_SWIFT_STANDARD_LIBRARIES = YES;
				CODE_SIGN_STYLE = Automatic;
				CURRENT_PROJECT_VERSION = 1;
				GENERATE_INFOPLIST_FILE = YES;
				MARKETING_VERSION = 1.0;
				PRODUCT_BUNDLE_IDENTIFIER = "com.deuna.basic-integrationUITests";
				PRODUCT_NAME = "$(TARGET_NAME)";
				SWIFT_EMIT_LOC_STRINGS = NO;
				SWIFT_VERSION = 5.0;
				TARGETED_DEVICE_FAMILY = "1,2";
				TEST_TARGET_NAME = "basic-integration";
			};
			name = Release;
		};
/* End XCBuildConfiguration section */

/* Begin XCConfigurationList section */
		6E1FD1362AE836B700A79BD9 /* Build configuration list for PBXProject "basic-integration" */ = {
			isa = XCConfigurationList;
			buildConfigurations = (
				6E1FD15D2AE836B900A79BD9 /* Debug */,
				6E1FD15E2AE836B900A79BD9 /* Release */,
			);
			defaultConfigurationIsVisible = 0;
			defaultConfigurationName = Release;
		};
		6E1FD15F2AE836B900A79BD9 /* Build configuration list for PBXNativeTarget "basic-integration" */ = {
			isa = XCConfigurationList;
			buildConfigurations = (
				6E1FD1602AE836B900A79BD9 /* Debug */,
				6E1FD1612AE836B900A79BD9 /* Release */,
			);
			defaultConfigurationIsVisible = 0;
			defaultConfigurationName = Release;
		};
		6E1FD1622AE836B900A79BD9 /* Build configuration list for PBXNativeTarget "basic-integrationTests" */ = {
			isa = XCConfigurationList;
			buildConfigurations = (
				6E1FD1632AE836B900A79BD9 /* Debug */,
				6E1FD1642AE836B900A79BD9 /* Release */,
			);
			defaultConfigurationIsVisible = 0;
			defaultConfigurationName = Release;
		};
		6E1FD1652AE836B900A79BD9 /* Build configuration list for PBXNativeTarget "basic-integrationUITests" */ = {
			isa = XCConfigurationList;
			buildConfigurations = (
				6E1FD1662AE836B900A79BD9 /* Debug */,
				6E1FD1672AE836B900A79BD9 /* Release */,
			);
			defaultConfigurationIsVisible = 0;
			defaultConfigurationName = Release;
		};
/* End XCConfigurationList section */

/* Begin XCRemoteSwiftPackageReference section */
		5247CDD32B08F8F400368FB0 /* XCRemoteSwiftPackageReference "deuna-sdk-ios" */ = {
			isa = XCRemoteSwiftPackageReference;
			repositoryURL = "https://github.com/nelyj/deuna-sdk-ios/";
			requirement = {
				branch = "hotfix/sdk-issues-after-load-in-demo";
				kind = branch;
			};
		};
/* End XCRemoteSwiftPackageReference section */

/* Begin XCSwiftPackageProductDependency section */
		5247CDD42B08F8F400368FB0 /* DeunaSDK */ = {
			isa = XCSwiftPackageProductDependency;
			package = 5247CDD32B08F8F400368FB0 /* XCRemoteSwiftPackageReference "deuna-sdk-ios" */;
			productName = DeunaSDK;
		};
		52A7B9712B0866EE00EE7F43 /* DeunaSDK */ = {
			isa = XCSwiftPackageProductDependency;
			productName = DeunaSDK;
		};
		52AAE9C12B08D5100013B150 /* DeunaSDK */ = {
			isa = XCSwiftPackageProductDependency;
			productName = DeunaSDK;
		};
		6E1FD1712AE992F500A79BD9 /* DeunaSDK */ = {
			isa = XCSwiftPackageProductDependency;
			productName = DeunaSDK;
		};
/* End XCSwiftPackageProductDependency section */
	};
	rootObject = 6E1FD1332AE836B700A79BD9 /* Project object */;
}
